
Microsoft Visual Studio Solution File, Format Version 12.00
# Visual Studio Version 16
VisualStudioVersion = 16.0.30907.101
MinimumVisualStudioVersion = 15.0.26124.0
Project("{6EC3EE1D-3C4E-46DD-8F32-0CC8E7565705}") = "KoKo", "KoKo\KoKo.fsproj", "{2DD0AAC1-8FC7-47BB-9DEE-150A55AF3D35}"
EndProject
Project("{6EC3EE1D-3C4E-46DD-8F32-0CC8E7565705}") = "KoKo.Downloader", "KoKo.Downloader\KoKo.Downloader.fsproj", "{32529274-E38D-41DF-932E-ED9903AC5A98}"
EndProject
Project("{6EC3EE1D-3C4E-46DD-8F32-0CC8E7565705}") = "KoKo.Test", "KoKo.Test\KoKo.Test.fsproj", "{ACF10FC8-F118-4777-B634-33BA2BD25D65}"
EndProject
Project("{FAE04EC0-301F-11D3-BF4B-00C04F79EFBC}") = "KoKoViewer", "KoKoViewer\KoKoViewer.csproj", "{9D5AD433-8D6A-49D3-8CEE-2337112E095D}"
	ProjectSection(ProjectDependencies) = postProject
		{2DD0AAC1-8FC7-47BB-9DEE-150A55AF3D35} = {2DD0AAC1-8FC7-47BB-9DEE-150A55AF3D35}
	EndProjectSection
EndProject
Global
	GlobalSection(SolutionConfigurationPlatforms) = preSolution
		Debug|Any CPU = Debug|Any CPU
		Debug|ARM = Debug|ARM
		Debug|ARM64 = Debug|ARM64
		Debug|x64 = Debug|x64
		Debug|x86 = Debug|x86
		Release|Any CPU = Release|Any CPU
		Release|ARM = Release|ARM
		Release|ARM64 = Release|ARM64
		Release|x64 = Release|x64
		Release|x86 = Release|x86
	EndGlobalSection
	GlobalSection(ProjectConfigurationPlatforms) = postSolution
		{2DD0AAC1-8FC7-47BB-9DEE-150A55AF3D35}.Debug|Any CPU.ActiveCfg = Debug|Any CPU
		{2DD0AAC1-8FC7-47BB-9DEE-150A55AF3D35}.Debug|Any CPU.Build.0 = Debug|Any CPU
		{2DD0AAC1-8FC7-47BB-9DEE-150A55AF3D35}.Debug|ARM.ActiveCfg = Debug|Any CPU
		{2DD0AAC1-8FC7-47BB-9DEE-150A55AF3D35}.Debug|ARM.Build.0 = Debug|Any CPU
		{2DD0AAC1-8FC7-47BB-9DEE-150A55AF3D35}.Debug|ARM64.ActiveCfg = Debug|Any CPU
		{2DD0AAC1-8FC7-47BB-9DEE-150A55AF3D35}.Debug|ARM64.Build.0 = Debug|Any CPU
		{2DD0AAC1-8FC7-47BB-9DEE-150A55AF3D35}.Debug|x64.ActiveCfg = Debug|Any CPU
		{2DD0AAC1-8FC7-47BB-9DEE-150A55AF3D35}.Debug|x64.Build.0 = Debug|Any CPU
		{2DD0AAC1-8FC7-47BB-9DEE-150A55AF3D35}.Debug|x86.ActiveCfg = Debug|Any CPU
		{2DD0AAC1-8FC7-47BB-9DEE-150A55AF3D35}.Debug|x86.Build.0 = Debug|Any CPU
		{2DD0AAC1-8FC7-47BB-9DEE-150A55AF3D35}.Release|Any CPU.ActiveCfg = Release|Any CPU
		{2DD0AAC1-8FC7-47BB-9DEE-150A55AF3D35}.Release|Any CPU.Build.0 = Release|Any CPU
		{2DD0AAC1-8FC7-47BB-9DEE-150A55AF3D35}.Release|ARM.ActiveCfg = Release|Any CPU
		{2DD0AAC1-8FC7-47BB-9DEE-150A55AF3D35}.Release|ARM.Build.0 = Release|Any CPU
		{2DD0AAC1-8FC7-47BB-9DEE-150A55AF3D35}.Release|ARM64.ActiveCfg = Release|Any CPU
		{2DD0AAC1-8FC7-47BB-9DEE-150A55AF3D35}.Release|ARM64.Build.0 = Release|Any CPU
		{2DD0AAC1-8FC7-47BB-9DEE-150A55AF3D35}.Release|x64.ActiveCfg = Release|Any CPU
		{2DD0AAC1-8FC7-47BB-9DEE-150A55AF3D35}.Release|x64.Build.0 = Release|Any CPU
		{2DD0AAC1-8FC7-47BB-9DEE-150A55AF3D35}.Release|x86.ActiveCfg = Release|Any CPU
		{2DD0AAC1-8FC7-47BB-9DEE-150A55AF3D35}.Release|x86.Build.0 = Release|Any CPU
		{32529274-E38D-41DF-932E-ED9903AC5A98}.Debug|Any CPU.ActiveCfg = Debug|Any CPU
		{32529274-E38D-41DF-932E-ED9903AC5A98}.Debug|Any CPU.Build.0 = Debug|Any CPU
		{32529274-E38D-41DF-932E-ED9903AC5A98}.Debug|ARM.ActiveCfg = Debug|Any CPU
		{32529274-E38D-41DF-932E-ED9903AC5A98}.Debug|ARM.Build.0 = Debug|Any CPU
		{32529274-E38D-41DF-932E-ED9903AC5A98}.Debug|ARM64.ActiveCfg = Debug|Any CPU
		{32529274-E38D-41DF-932E-ED9903AC5A98}.Debug|ARM64.Build.0 = Debug|Any CPU
		{32529274-E38D-41DF-932E-ED9903AC5A98}.Debug|x64.ActiveCfg = Debug|Any CPU
		{32529274-E38D-41DF-932E-ED9903AC5A98}.Debug|x64.Build.0 = Debug|Any CPU
		{32529274-E38D-41DF-932E-ED9903AC5A98}.Debug|x86.ActiveCfg = Debug|Any CPU
		{32529274-E38D-41DF-932E-ED9903AC5A98}.Debug|x86.Build.0 = Debug|Any CPU
		{32529274-E38D-41DF-932E-ED9903AC5A98}.Release|Any CPU.ActiveCfg = Release|Any CPU
		{32529274-E38D-41DF-932E-ED9903AC5A98}.Release|Any CPU.Build.0 = Release|Any CPU
		{32529274-E38D-41DF-932E-ED9903AC5A98}.Release|ARM.ActiveCfg = Release|Any CPU
		{32529274-E38D-41DF-932E-ED9903AC5A98}.Release|ARM.Build.0 = Release|Any CPU
		{32529274-E38D-41DF-932E-ED9903AC5A98}.Release|ARM64.ActiveCfg = Release|Any CPU
		{32529274-E38D-41DF-932E-ED9903AC5A98}.Release|ARM64.Build.0 = Release|Any CPU
		{32529274-E38D-41DF-932E-ED9903AC5A98}.Release|x64.ActiveCfg = Release|Any CPU
		{32529274-E38D-41DF-932E-ED9903AC5A98}.Release|x64.Build.0 = Release|Any CPU
		{32529274-E38D-41DF-932E-ED9903AC5A98}.Release|x86.ActiveCfg = Release|Any CPU
		{32529274-E38D-41DF-932E-ED9903AC5A98}.Release|x86.Build.0 = Release|Any CPU
		{ACF10FC8-F118-4777-B634-33BA2BD25D65}.Debug|Any CPU.ActiveCfg = Debug|Any CPU
		{ACF10FC8-F118-4777-B634-33BA2BD25D65}.Debug|Any CPU.Build.0 = Debug|Any CPU
		{ACF10FC8-F118-4777-B634-33BA2BD25D65}.Debug|ARM.ActiveCfg = Debug|Any CPU
		{ACF10FC8-F118-4777-B634-33BA2BD25D65}.Debug|ARM.Build.0 = Debug|Any CPU
		{ACF10FC8-F118-4777-B634-33BA2BD25D65}.Debug|ARM64.ActiveCfg = Debug|Any CPU
		{ACF10FC8-F118-4777-B634-33BA2BD25D65}.Debug|ARM64.Build.0 = Debug|Any CPU
		{ACF10FC8-F118-4777-B634-33BA2BD25D65}.Debug|x64.ActiveCfg = Debug|Any CPU
		{ACF10FC8-F118-4777-B634-33BA2BD25D65}.Debug|x64.Build.0 = Debug|Any CPU
		{ACF10FC8-F118-4777-B634-33BA2BD25D65}.Debug|x86.ActiveCfg = Debug|Any CPU
		{ACF10FC8-F118-4777-B634-33BA2BD25D65}.Debug|x86.Build.0 = Debug|Any CPU
		{ACF10FC8-F118-4777-B634-33BA2BD25D65}.Release|Any CPU.ActiveCfg = Release|Any CPU
		{ACF10FC8-F118-4777-B634-33BA2BD25D65}.Release|Any CPU.Build.0 = Release|Any CPU
		{ACF10FC8-F118-4777-B634-33BA2BD25D65}.Release|ARM.ActiveCfg = Release|Any CPU
		{ACF10FC8-F118-4777-B634-33BA2BD25D65}.Release|ARM.Build.0 = Release|Any CPU
		{ACF10FC8-F118-4777-B634-33BA2BD25D65}.Release|ARM64.ActiveCfg = Release|Any CPU
		{ACF10FC8-F118-4777-B634-33BA2BD25D65}.Release|ARM64.Build.0 = Release|Any CPU
		{ACF10FC8-F118-4777-B634-33BA2BD25D65}.Release|x64.ActiveCfg = Release|Any CPU
		{ACF10FC8-F118-4777-B634-33BA2BD25D65}.Release|x64.Build.0 = Release|Any CPU
		{ACF10FC8-F118-4777-B634-33BA2BD25D65}.Release|x86.ActiveCfg = Release|Any CPU
		{ACF10FC8-F118-4777-B634-33BA2BD25D65}.Release|x86.Build.0 = Release|Any CPU
		{9D5AD433-8D6A-49D3-8CEE-2337112E095D}.Debug|Any CPU.ActiveCfg = Debug|x86
		{9D5AD433-8D6A-49D3-8CEE-2337112E095D}.Debug|ARM.ActiveCfg = Debug|ARM
		{9D5AD433-8D6A-49D3-8CEE-2337112E095D}.Debug|ARM.Build.0 = Debug|ARM
		{9D5AD433-8D6A-49D3-8CEE-2337112E095D}.Debug|ARM.Deploy.0 = Debug|ARM
		{9D5AD433-8D6A-49D3-8CEE-2337112E095D}.Debug|ARM64.ActiveCfg = Debug|ARM64
		{9D5AD433-8D6A-49D3-8CEE-2337112E095D}.Debug|ARM64.Build.0 = Debug|ARM64
		{9D5AD433-8D6A-49D3-8CEE-2337112E095D}.Debug|ARM64.Deploy.0 = Debug|ARM64
		{9D5AD433-8D6A-49D3-8CEE-2337112E095D}.Debug|x64.ActiveCfg = Debug|x64
		{9D5AD433-8D6A-49D3-8CEE-2337112E095D}.Debug|x64.Build.0 = Debug|x64
		{9D5AD433-8D6A-49D3-8CEE-2337112E095D}.Debug|x64.Deploy.0 = Debug|x64
		{9D5AD433-8D6A-49D3-8CEE-2337112E095D}.Debug|x86.ActiveCfg = Debug|x86
		{9D5AD433-8D6A-49D3-8CEE-2337112E095D}.Debug|x86.Build.0 = Debug|x86
		{9D5AD433-8D6A-49D3-8CEE-2337112E095D}.Debug|x86.Deploy.0 = Debug|x86
		{9D5AD433-8D6A-49D3-8CEE-2337112E095D}.Release|Any CPU.ActiveCfg = Release|x86
		{9D5AD433-8D6A-49D3-8CEE-2337112E095D}.Release|ARM.ActiveCfg = Release|ARM
		{9D5AD433-8D6A-49D3-8CEE-2337112E095D}.Release|ARM.Build.0 = Release|ARM
		{9D5AD433-8D6A-49D3-8CEE-2337112E095D}.Release|ARM.Deploy.0 = Release|ARM
		{9D5AD433-8D6A-49D3-8CEE-2337112E095D}.Release|ARM64.ActiveCfg = Release|ARM64
		{9D5AD433-8D6A-49D3-8CEE-2337112E095D}.Release|ARM64.Build.0 = Release|ARM64
		{9D5AD433-8D6A-49D3-8CEE-2337112E095D}.Release|ARM64.Deploy.0 = Release|ARM64
		{9D5AD433-8D6A-49D3-8CEE-2337112E095D}.Release|x64.ActiveCfg = Release|x64
		{9D5AD433-8D6A-49D3-8CEE-2337112E095D}.Release|x64.Build.0 = Release|x64
		{9D5AD433-8D6A-49D3-8CEE-2337112E095D}.Release|x64.Deploy.0 = Release|x64
		{9D5AD433-8D6A-49D3-8CEE-2337112E095D}.Release|x86.ActiveCfg = Release|x86
		{9D5AD433-8D6A-49D3-8CEE-2337112E095D}.Release|x86.Build.0 = Release|x86
		{9D5AD433-8D6A-49D3-8CEE-2337112E095D}.Release|x86.Deploy.0 = Release|x86
	EndGlobalSection
	GlobalSection(SolutionProperties) = preSolution
		HideSolutionNode = FALSE
	EndGlobalSection
	GlobalSection(ExtensibilityGlobals) = postSolution
		SolutionGuid = {A5349263-5F43-468D-882B-2B6F5AE5AB96}
	EndGlobalSection
EndGlobal
